{
  "requires": true,
  "lockfileVersion": 1,
  "dependencies": {
    "angular-svg-icon": {
      "version": "11.0.0",
      "resolved": "https://registry.npmjs.org/angular-svg-icon/-/angular-svg-icon-11.0.0.tgz",
      "integrity": "sha512-hcdfAKqS5C4bSebyuNqQae095XYa0ZF+lU4WbdN2N6hsE0GqASdXCs2E2fdpU541/xZ559Cdj4FA89ShNKqwcQ==",
      "requires": {
        "tslib": "^2.0.0"
      }
    },
    "ng2-cookies": {
      "version": "1.0.12",
      "resolved": "https://registry.npmjs.org/ng2-cookies/-/ng2-cookies-1.0.12.tgz",
      "integrity": "sha1-Pz5hPgE3sGSbcFxngHS0vQgUnMw="
    },
    "ngx-pagination": {
      "version": "5.0.0",
      "resolved": "https://registry.npmjs.org/ngx-pagination/-/ngx-pagination-5.0.0.tgz",
      "integrity": "sha512-Ur0pTWRe2ZXoJ8impEzo0IZKxY5aEcQfSmL5uBqW1rHI2J6nfzgZAHsSLagKHFGchXq0PkRlDVVMcIaNxYJwvQ=="
    },
    "tslib": {
      "version": "2.1.0",
      "resolved": "https://registry.npmjs.org/tslib/-/tslib-2.1.0.tgz",
      "integrity": "sha512-hcVC3wYEziELGGmEEXue7D75zbwIIVUMWAVbHItGPx0ziyXxrOMQx4rQEVEV45Ut/1IotuEvwqPopzIOkDMf0A=="
    }
  }
}
